
Microsoft Visual Studio Solution File, Format Version 12.00
# Visual Studio Version 17
VisualStudioVersion = 17.11.35222.181
MinimumVisualStudioVersion = 10.0.40219.1
Project("{FAE04EC0-301F-11D3-BF4B-00C04F79EFBC}") = "OOPHotel2", "OOPHotel2.csproj", "{C845F714-A794-4F23-B609-4581DB734A4D}"
EndProject
Global
	GlobalSection(SolutionConfigurationPlatforms) = preSolution
		Debug|Any CPU = Debug|Any CPU
		Release|Any CPU = Release|Any CPU
	EndGlobalSection
	GlobalSection(ProjectConfigurationPlatforms) = postSolution
		{C845F714-A794-4F23-B609-4581DB734A4D}.Debug|Any CPU.ActiveCfg = Debug|Any CPU
		{C845F714-A794-4F23-B609-4581DB734A4D}.Debug|Any CPU.Build.0 = Debug|Any CPU
		{C845F714-A794-4F23-B609-4581DB734A4D}.Release|Any CPU.ActiveCfg = Release|Any CPU
		{C845F714-A794-4F23-B609-4581DB734A4D}.Release|Any CPU.Build.0 = Release|Any CPU
	EndGlobalSection
	GlobalSection(SolutionProperties) = preSolution
		HideSolutionNode = FALSE
	EndGlobalSection
	GlobalSection(ExtensibilityGlobals) = postSolution
		SolutionGuid = {96D33F65-3EBA-4048-90CD-9AD739BB246D}
	EndGlobalSection
EndGlobal
